
Microsoft Visual Studio Solution File, Format Version 12.00
Project("{FAE04EC0-301F-11D3-BF4B-00C04F79EFBC}") = "PA_lab6", "PA_lab6\PA_lab6.csproj", "{12C3D6C6-D45E-4F6C-B363-2B0C709339CC}"
EndProject
Global
	GlobalSection(SolutionConfigurationPlatforms) = preSolution
		Debug|Any CPU = Debug|Any CPU
		Release|Any CPU = Release|Any CPU
	EndGlobalSection
	GlobalSection(ProjectConfigurationPlatforms) = postSolution
		{12C3D6C6-D45E-4F6C-B363-2B0C709339CC}.Debug|Any CPU.ActiveCfg = Debug|Any CPU
		{12C3D6C6-D45E-4F6C-B363-2B0C709339CC}.Debug|Any CPU.Build.0 = Debug|Any CPU
		{12C3D6C6-D45E-4F6C-B363-2B0C709339CC}.Release|Any CPU.ActiveCfg = Release|Any CPU
		{12C3D6C6-D45E-4F6C-B363-2B0C709339CC}.Release|Any CPU.Build.0 = Release|Any CPU
	EndGlobalSection
EndGlobal
